
Microsoft Visual Studio Solution File, Format Version 12.00
# Visual Studio Version 16
VisualStudioVersion = 16.0.30114.105
MinimumVisualStudioVersion = 10.0.40219.1
Project("{9A19103F-16F7-4668-BE54-9A1E7A4F7556}") = "WebAPI", "WebAPI\WebAPI.csproj", "{8229C97A-0D81-49EA-A15C-9E085F726F6B}"
EndProject
Project("{9A19103F-16F7-4668-BE54-9A1E7A4F7556}") = "Unit Test", "Unit Test\Unit Test.csproj", "{1E8CFFCE-D81C-4469-8C1F-9982ADF126EB}"
EndProject
Project("{E24C65DC-7377-472B-9ABA-BC803B73C61A}") = "WebPresentation", "WebPresentation\", "{7D951B7B-C5FA-4733-8F72-B4723DD68B26}"
	ProjectSection(WebsiteProperties) = preProject
		TargetFrameworkMoniker = ".NETFramework,Version%3Dv4.0"
		Debug.AspNetCompiler.VirtualPath = "/localhost_51323"
		Debug.AspNetCompiler.PhysicalPath = "..\WebPresentation\"
		Debug.AspNetCompiler.TargetPath = "PrecompiledWeb\localhost_51323\"
		Debug.AspNetCompiler.Updateable = "true"
		Debug.AspNetCompiler.ForceOverwrite = "true"
		Debug.AspNetCompiler.FixedNames = "false"
		Debug.AspNetCompiler.Debug = "True"
		Release.AspNetCompiler.VirtualPath = "/localhost_51323"
		Release.AspNetCompiler.PhysicalPath = "..\WebPresentation\"
		Release.AspNetCompiler.TargetPath = "PrecompiledWeb\localhost_51323\"
		Release.AspNetCompiler.Updateable = "true"
		Release.AspNetCompiler.ForceOverwrite = "true"
		Release.AspNetCompiler.FixedNames = "false"
		Release.AspNetCompiler.Debug = "False"
		VWDPort = "51323"
		SlnRelativePath = "..\WebPresentation\"
	EndProjectSection
EndProject
Global
	GlobalSection(SolutionConfigurationPlatforms) = preSolution
		Debug|Any CPU = Debug|Any CPU
		Debug|x64 = Debug|x64
		Debug|x86 = Debug|x86
		Release|Any CPU = Release|Any CPU
		Release|x64 = Release|x64
		Release|x86 = Release|x86
	EndGlobalSection
	GlobalSection(ProjectConfigurationPlatforms) = postSolution
		{8229C97A-0D81-49EA-A15C-9E085F726F6B}.Debug|Any CPU.ActiveCfg = Debug|Any CPU
		{8229C97A-0D81-49EA-A15C-9E085F726F6B}.Debug|Any CPU.Build.0 = Debug|Any CPU
		{8229C97A-0D81-49EA-A15C-9E085F726F6B}.Debug|x64.ActiveCfg = Debug|Any CPU
		{8229C97A-0D81-49EA-A15C-9E085F726F6B}.Debug|x64.Build.0 = Debug|Any CPU
		{8229C97A-0D81-49EA-A15C-9E085F726F6B}.Debug|x86.ActiveCfg = Debug|Any CPU
		{8229C97A-0D81-49EA-A15C-9E085F726F6B}.Debug|x86.Build.0 = Debug|Any CPU
		{8229C97A-0D81-49EA-A15C-9E085F726F6B}.Release|Any CPU.ActiveCfg = Release|Any CPU
		{8229C97A-0D81-49EA-A15C-9E085F726F6B}.Release|Any CPU.Build.0 = Release|Any CPU
		{8229C97A-0D81-49EA-A15C-9E085F726F6B}.Release|x64.ActiveCfg = Release|Any CPU
		{8229C97A-0D81-49EA-A15C-9E085F726F6B}.Release|x64.Build.0 = Release|Any CPU
		{8229C97A-0D81-49EA-A15C-9E085F726F6B}.Release|x86.ActiveCfg = Release|Any CPU
		{8229C97A-0D81-49EA-A15C-9E085F726F6B}.Release|x86.Build.0 = Release|Any CPU
		{1E8CFFCE-D81C-4469-8C1F-9982ADF126EB}.Debug|Any CPU.ActiveCfg = Debug|Any CPU
		{1E8CFFCE-D81C-4469-8C1F-9982ADF126EB}.Debug|Any CPU.Build.0 = Debug|Any CPU
		{1E8CFFCE-D81C-4469-8C1F-9982ADF126EB}.Debug|x64.ActiveCfg = Debug|Any CPU
		{1E8CFFCE-D81C-4469-8C1F-9982ADF126EB}.Debug|x64.Build.0 = Debug|Any CPU
		{1E8CFFCE-D81C-4469-8C1F-9982ADF126EB}.Debug|x86.ActiveCfg = Debug|Any CPU
		{1E8CFFCE-D81C-4469-8C1F-9982ADF126EB}.Debug|x86.Build.0 = Debug|Any CPU
		{1E8CFFCE-D81C-4469-8C1F-9982ADF126EB}.Release|Any CPU.ActiveCfg = Release|Any CPU
		{1E8CFFCE-D81C-4469-8C1F-9982ADF126EB}.Release|Any CPU.Build.0 = Release|Any CPU
		{1E8CFFCE-D81C-4469-8C1F-9982ADF126EB}.Release|x64.ActiveCfg = Release|Any CPU
		{1E8CFFCE-D81C-4469-8C1F-9982ADF126EB}.Release|x64.Build.0 = Release|Any CPU
		{1E8CFFCE-D81C-4469-8C1F-9982ADF126EB}.Release|x86.ActiveCfg = Release|Any CPU
		{1E8CFFCE-D81C-4469-8C1F-9982ADF126EB}.Release|x86.Build.0 = Release|Any CPU
		{7D951B7B-C5FA-4733-8F72-B4723DD68B26}.Debug|Any CPU.ActiveCfg = Debug|Any CPU
		{7D951B7B-C5FA-4733-8F72-B4723DD68B26}.Debug|Any CPU.Build.0 = Debug|Any CPU
		{7D951B7B-C5FA-4733-8F72-B4723DD68B26}.Debug|x64.ActiveCfg = Debug|Any CPU
		{7D951B7B-C5FA-4733-8F72-B4723DD68B26}.Debug|x64.Build.0 = Debug|Any CPU
		{7D951B7B-C5FA-4733-8F72-B4723DD68B26}.Debug|x86.ActiveCfg = Debug|Any CPU
		{7D951B7B-C5FA-4733-8F72-B4723DD68B26}.Debug|x86.Build.0 = Debug|Any CPU
		{7D951B7B-C5FA-4733-8F72-B4723DD68B26}.Release|Any CPU.ActiveCfg = Debug|Any CPU
		{7D951B7B-C5FA-4733-8F72-B4723DD68B26}.Release|Any CPU.Build.0 = Debug|Any CPU
		{7D951B7B-C5FA-4733-8F72-B4723DD68B26}.Release|x64.ActiveCfg = Debug|Any CPU
		{7D951B7B-C5FA-4733-8F72-B4723DD68B26}.Release|x64.Build.0 = Debug|Any CPU
		{7D951B7B-C5FA-4733-8F72-B4723DD68B26}.Release|x86.ActiveCfg = Debug|Any CPU
		{7D951B7B-C5FA-4733-8F72-B4723DD68B26}.Release|x86.Build.0 = Debug|Any CPU
	EndGlobalSection
	GlobalSection(SolutionProperties) = preSolution
		HideSolutionNode = FALSE
	EndGlobalSection
	GlobalSection(ExtensibilityGlobals) = postSolution
		SolutionGuid = {BB250DAD-7D7B-4E1B-9908-FABA25B3F7F4}
	EndGlobalSection
EndGlobal
